
Microsoft Visual Studio Solution File, Format Version 12.00
# Visual Studio Version 16
VisualStudioVersion = 16.0.31005.135
MinimumVisualStudioVersion = 10.0.40219.1
Project("{FAE04EC0-301F-11D3-BF4B-00C04F79EFBC}") = "ImageTest", "ImageTest\ImageTest.csproj", "{EAC7D2E2-5A26-4A9D-809F-CE2DDADBFD3D}"
EndProject
Global
	GlobalSection(SolutionConfigurationPlatforms) = preSolution
		Debug|Any CPU = Debug|Any CPU
		Release|Any CPU = Release|Any CPU
	EndGlobalSection
	GlobalSection(ProjectConfigurationPlatforms) = postSolution
		{EAC7D2E2-5A26-4A9D-809F-CE2DDADBFD3D}.Debug|Any CPU.ActiveCfg = Debug|Any CPU
		{EAC7D2E2-5A26-4A9D-809F-CE2DDADBFD3D}.Debug|Any CPU.Build.0 = Debug|Any CPU
		{EAC7D2E2-5A26-4A9D-809F-CE2DDADBFD3D}.Release|Any CPU.ActiveCfg = Release|Any CPU
		{EAC7D2E2-5A26-4A9D-809F-CE2DDADBFD3D}.Release|Any CPU.Build.0 = Release|Any CPU
	EndGlobalSection
	GlobalSection(SolutionProperties) = preSolution
		HideSolutionNode = FALSE
	EndGlobalSection
	GlobalSection(ExtensibilityGlobals) = postSolution
		SolutionGuid = {99855C97-0F7F-4555-9773-9FF1A8E0FBED}
	EndGlobalSection
EndGlobal
